
Microsoft Visual Studio Solution File, Format Version 12.00
# Visual Studio Version 17
VisualStudioVersion = 17.5.002.0
MinimumVisualStudioVersion = 10.0.40219.1
Project("{9A19103F-16F7-4668-BE54-9A1E7A4F7556}") = "ApiMongoMusica", "ApiMongoMusica.csproj", "{310958AB-D989-4C0A-B0CF-E9717C304CA4}"
EndProject
Global
	GlobalSection(SolutionConfigurationPlatforms) = preSolution
		Debug|Any CPU = Debug|Any CPU
		Release|Any CPU = Release|Any CPU
	EndGlobalSection
	GlobalSection(ProjectConfigurationPlatforms) = postSolution
		{310958AB-D989-4C0A-B0CF-E9717C304CA4}.Debug|Any CPU.ActiveCfg = Debug|Any CPU
		{310958AB-D989-4C0A-B0CF-E9717C304CA4}.Debug|Any CPU.Build.0 = Debug|Any CPU
		{310958AB-D989-4C0A-B0CF-E9717C304CA4}.Release|Any CPU.ActiveCfg = Release|Any CPU
		{310958AB-D989-4C0A-B0CF-E9717C304CA4}.Release|Any CPU.Build.0 = Release|Any CPU
	EndGlobalSection
	GlobalSection(SolutionProperties) = preSolution
		HideSolutionNode = FALSE
	EndGlobalSection
	GlobalSection(ExtensibilityGlobals) = postSolution
		SolutionGuid = {635F0E20-CDCA-4B63-8EC5-27784356E083}
	EndGlobalSection
EndGlobal
